
Microsoft Visual Studio Solution File, Format Version 12.00
# Visual Studio Version 16
VisualStudioVersion = 16.0.30002.166
MinimumVisualStudioVersion = 10.0.40219.1
Project("{9A19103F-16F7-4668-BE54-9A1E7A4F7556}") = "GK.Api.Core", "GK.Api.Core\GK.Api.Core.csproj", "{1DC56496-8290-4DE5-9F14-88B2C783ADCB}"
EndProject
Project("{2150E333-8FDC-42A3-9474-1A3956D46DE8}") = "Solution Items", "Solution Items", "{9AE545DE-85AD-44D3-A53B-6072CC13824B}"
	ProjectSection(SolutionItems) = preProject
		azure-pipelines.yml = azure-pipelines.yml
		README.md = README.md
	EndProjectSection
EndProject
Global
	GlobalSection(SolutionConfigurationPlatforms) = preSolution
		Debug|Any CPU = Debug|Any CPU
		Release|Any CPU = Release|Any CPU
	EndGlobalSection
	GlobalSection(ProjectConfigurationPlatforms) = postSolution
		{1DC56496-8290-4DE5-9F14-88B2C783ADCB}.Debug|Any CPU.ActiveCfg = Debug|Any CPU
		{1DC56496-8290-4DE5-9F14-88B2C783ADCB}.Debug|Any CPU.Build.0 = Debug|Any CPU
		{1DC56496-8290-4DE5-9F14-88B2C783ADCB}.Release|Any CPU.ActiveCfg = Release|Any CPU
		{1DC56496-8290-4DE5-9F14-88B2C783ADCB}.Release|Any CPU.Build.0 = Release|Any CPU
	EndGlobalSection
	GlobalSection(SolutionProperties) = preSolution
		HideSolutionNode = FALSE
	EndGlobalSection
	GlobalSection(ExtensibilityGlobals) = postSolution
		SolutionGuid = {30FCA492-765D-4E56-B7AB-50176955840B}
	EndGlobalSection
EndGlobal
